
Microsoft Visual Studio Solution File, Format Version 12.00
# Visual Studio Version 17
VisualStudioVersion = 17.0.32112.339
MinimumVisualStudioVersion = 10.0.40219.1
Project("{FAE04EC0-301F-11D3-BF4B-00C04F79EFBC}") = "WcfServiceLibrary", "WcfServiceLibrary\WcfServiceLibrary.csproj", "{B436B2BD-89BE-4DD2-A49D-F663561C1AC4}"
EndProject
Global
	GlobalSection(SolutionConfigurationPlatforms) = preSolution
		Debug|Any CPU = Debug|Any CPU
		Release|Any CPU = Release|Any CPU
	EndGlobalSection
	GlobalSection(ProjectConfigurationPlatforms) = postSolution
		{B436B2BD-89BE-4DD2-A49D-F663561C1AC4}.Debug|Any CPU.ActiveCfg = Debug|Any CPU
		{B436B2BD-89BE-4DD2-A49D-F663561C1AC4}.Debug|Any CPU.Build.0 = Debug|Any CPU
		{B436B2BD-89BE-4DD2-A49D-F663561C1AC4}.Release|Any CPU.ActiveCfg = Release|Any CPU
		{B436B2BD-89BE-4DD2-A49D-F663561C1AC4}.Release|Any CPU.Build.0 = Release|Any CPU
	EndGlobalSection
	GlobalSection(SolutionProperties) = preSolution
		HideSolutionNode = FALSE
	EndGlobalSection
	GlobalSection(ExtensibilityGlobals) = postSolution
		SolutionGuid = {B3C34287-0BE0-4B91-BBC1-24A92959B4CE}
	EndGlobalSection
EndGlobal
